// !$*UTF8*$!
{
	archiveVersion = 1;
	classes = {
	};
	objectVersion = 50;
	objects = {

/* Begin PBXBuildFile section */
		E892CFA8264C25780079D063 /* AppDelegate.swift in Sources */ = {isa = PBXBuildFile; fileRef = E892CFA7264C25780079D063 /* AppDelegate.swift */; };
		E892CFAA264C25780079D063 /* SceneDelegate.swift in Sources */ = {isa = PBXBuildFile; fileRef = E892CFA9264C25780079D063 /* SceneDelegate.swift */; };
		E892CFAF264C25780079D063 /* Main.storyboard in Resources */ = {isa = PBXBuildFile; fileRef = E892CFAD264C25780079D063 /* Main.storyboard */; };
		E892CFB1264C25790079D063 /* Assets.xcassets in Resources */ = {isa = PBXBuildFile; fileRef = E892CFB0264C25790079D063 /* Assets.xcassets */; };
		E892CFB4264C25790079D063 /* LaunchScreen.storyboard in Resources */ = {isa = PBXBuildFile; fileRef = E892CFB2264C25790079D063 /* LaunchScreen.storyboard */; };
		E892CFBF264C25790079D063 /* Music_PlayerTests.swift in Sources */ = {isa = PBXBuildFile; fileRef = E892CFBE264C25790079D063 /* Music_PlayerTests.swift */; };
		E892CFCA264C25790079D063 /* Music_PlayerUITests.swift in Sources */ = {isa = PBXBuildFile; fileRef = E892CFC9264C25790079D063 /* Music_PlayerUITests.swift */; };
		E892CFD8264C26100079D063 /* GenreButtonScreenViewController.swift in Sources */ = {isa = PBXBuildFile; fileRef = E892CFD7264C26100079D063 /* GenreButtonScreenViewController.swift */; };
/* End PBXBuildFile section */

/* Begin PBXContainerItemProxy section */
		E892CFBB264C25790079D063 /* PBXContainerItemProxy */ = {
			isa = PBXContainerItemProxy;
			containerPortal = E892CF9C264C25780079D063 /* Project object */;
			proxyType = 1;
			remoteGlobalIDString = E892CFA3264C25780079D063;
			remoteInfo = "Music Player";
		};
		E892CFC6264C25790079D063 /* PBXContainerItemProxy */ = {
			isa = PBXContainerItemProxy;
			containerPortal = E892CF9C264C25780079D063 /* Project object */;
			proxyType = 1;
			remoteGlobalIDString = E892CFA3264C25780079D063;
			remoteInfo = "Music Player";
		};
/* End PBXContainerItemProxy section */

/* Begin PBXFileReference section */
		E892CFA4264C25780079D063 /* Music Player.app */ = {isa = PBXFileReference; explicitFileType = wrapper.application; includeInIndex = 0; path = "Music Player.app"; sourceTree = BUILT_PRODUCTS_DIR; };
		E892CFA7264C25780079D063 /* AppDelegate.swift */ = {isa = PBXFileReference; lastKnownFileType = sourcecode.swift; path = AppDelegate.swift; sourceTree = "<group>"; };
		E892CFA9264C25780079D063 /* SceneDelegate.swift */ = {isa = PBXFileReference; lastKnownFileType = sourcecode.swift; path = SceneDelegate.swift; sourceTree = "<group>"; };
		E892CFAE264C25780079D063 /* Base */ = {isa = PBXFileReference; lastKnownFileType = file.storyboard; name = Base; path = Base.lproj/Main.storyboard; sourceTree = "<group>"; };
		E892CFB0264C25790079D063 /* Assets.xcassets */ = {isa = PBXFileReference; lastKnownFileType = folder.assetcatalog; path = Assets.xcassets; sourceTree = "<group>"; };
		E892CFB3264C25790079D063 /* Base */ = {isa = PBXFileReference; lastKnownFileType = file.storyboard; name = Base; path = Base.lproj/LaunchScreen.storyboard; sourceTree = "<group>"; };
		E892CFB5264C25790079D063 /* Info.plist */ = {isa = PBXFileReference; lastKnownFileType = text.plist.xml; path = Info.plist; sourceTree = "<group>"; };
		E892CFBA264C25790079D063 /* Music PlayerTests.xctest */ = {isa = PBXFileReference; explicitFileType = wrapper.cfbundle; includeInIndex = 0; path = "Music PlayerTests.xctest"; sourceTree = BUILT_PRODUCTS_DIR; };
		E892CFBE264C25790079D063 /* Music_PlayerTests.swift */ = {isa = PBXFileReference; lastKnownFileType = sourcecode.swift; path = Music_PlayerTests.swift; sourceTree = "<group>"; };
		E892CFC0264C25790079D063 /* Info.plist */ = {isa = PBXFileReference; lastKnownFileType = text.plist.xml; path = Info.plist; sourceTree = "<group>"; };
		E892CFC5264C25790079D063 /* Music PlayerUITests.xctest */ = {isa = PBXFileReference; explicitFileType = wrapper.cfbundle; includeInIndex = 0; path = "Music PlayerUITests.xctest"; sourceTree = BUILT_PRODUCTS_DIR; };
		E892CFC9264C25790079D063 /* Music_PlayerUITests.swift */ = {isa = PBXFileReference; lastKnownFileType = sourcecode.swift; path = Music_PlayerUITests.swift; sourceTree = "<group>"; };
		E892CFCB264C25790079D063 /* Info.plist */ = {isa = PBXFileReference; lastKnownFileType = text.plist.xml; path = Info.plist; sourceTree = "<group>"; };
		E892CFD7264C26100079D063 /* GenreButtonScreenViewController.swift */ = {isa = PBXFileReference; lastKnownFileType = sourcecode.swift; path = GenreButtonScreenViewController.swift; sourceTree = "<group>"; };
/* End PBXFileReference section */

/* Begin PBXFrameworksBuildPhase section */
		E892CFA1264C25780079D063 /* Frameworks */ = {
			isa = PBXFrameworksBuildPhase;
			buildActionMask = 2147483647;
			files = (
			);
			runOnlyForDeploymentPostprocessing = 0;
		};
		E892CFB7264C25790079D063 /* Frameworks */ = {
			isa = PBXFrameworksBuildPhase;
			buildActionMask = 2147483647;
			files = (
			);
			runOnlyForDeploymentPostprocessing = 0;
		};
		E892CFC2264C25790079D063 /* Frameworks */ = {
			isa = PBXFrameworksBuildPhase;
			buildActionMask = 2147483647;
			files = (
			);
			runOnlyForDeploymentPostprocessing = 0;
		};
/* End PBXFrameworksBuildPhase section */

/* Begin PBXGroup section */
		E892CF9B264C25780079D063 = {
			isa = PBXGroup;
			children = (
				E892CFA6264C25780079D063 /* Music Player */,
				E892CFBD264C25790079D063 /* Music PlayerTests */,
				E892CFC8264C25790079D063 /* Music PlayerUITests */,
				E892CFA5264C25780079D063 /* Products */,
			);
			sourceTree = "<group>";
		};
		E892CFA5264C25780079D063 /* Products */ = {
			isa = PBXGroup;
			children = (
				E892CFA4264C25780079D063 /* Music Player.app */,
				E892CFBA264C25790079D063 /* Music PlayerTests.xctest */,
				E892CFC5264C25790079D063 /* Music PlayerUITests.xctest */,
			);
			name = Products;
			sourceTree = "<group>";
		};
		E892CFA6264C25780079D063 /* Music Player */ = {
			isa = PBXGroup;
			children = (
				E892CFA7264C25780079D063 /* AppDelegate.swift */,
				E892CFA9264C25780079D063 /* SceneDelegate.swift */,
				E892CFD7264C26100079D063 /* GenreButtonScreenViewController.swift */,
				E892CFAD264C25780079D063 /* Main.storyboard */,
				E892CFB0264C25790079D063 /* Assets.xcassets */,
				E892CFB2264C25790079D063 /* LaunchScreen.storyboard */,
				E892CFB5264C25790079D063 /* Info.plist */,
			);
			path = "Music Player";
			sourceTree = "<group>";
		};
		E892CFBD264C25790079D063 /* Music PlayerTests */ = {
			isa = PBXGroup;
			children = (
				E892CFBE264C25790079D063 /* Music_PlayerTests.swift */,
				E892CFC0264C25790079D063 /* Info.plist */,
			);
			path = "Music PlayerTests";
			sourceTree = "<group>";
		};
		E892CFC8264C25790079D063 /* Music PlayerUITests */ = {
			isa = PBXGroup;
			children = (
				E892CFC9264C25790079D063 /* Music_PlayerUITests.swift */,
				E892CFCB264C25790079D063 /* Info.plist */,
			);
			path = "Music PlayerUITests";
			sourceTree = "<group>";
		};
/* End PBXGroup section */

/* Begin PBXNativeTarget section */
		E892CFA3264C25780079D063 /* Music Player */ = {
			isa = PBXNativeTarget;
			buildConfigurationList = E892CFCE264C25790079D063 /* Build configuration list for PBXNativeTarget "Music Player" */;
			buildPhases = (
				E892CFA0264C25780079D063 /* Sources */,
				E892CFA1264C25780079D063 /* Frameworks */,
				E892CFA2264C25780079D063 /* Resources */,
			);
			buildRules = (
			);
			dependencies = (
			);
			name = "Music Player";
			productName = "Music Player";
			productReference = E892CFA4264C25780079D063 /* Music Player.app */;
			productType = "com.apple.product-type.application";
		};
		E892CFB9264C25790079D063 /* Music PlayerTests */ = {
			isa = PBXNativeTarget;
			buildConfigurationList = E892CFD1264C25790079D063 /* Build configuration list for PBXNativeTarget "Music PlayerTests" */;
			buildPhases = (
				E892CFB6264C25790079D063 /* Sources */,
				E892CFB7264C25790079D063 /* Frameworks */,
				E892CFB8264C25790079D063 /* Resources */,
			);
			buildRules = (
			);
			dependencies = (
				E892CFBC264C25790079D063 /* PBXTargetDependency */,
			);
			name = "Music PlayerTests";
			productName = "Music PlayerTests";
			productReference = E892CFBA264C25790079D063 /* Music PlayerTests.xctest */;
			productType = "com.apple.product-type.bundle.unit-test";
		};
		E892CFC4264C25790079D063 /* Music PlayerUITests */ = {
			isa = PBXNativeTarget;
			buildConfigurationList = E892CFD4264C25790079D063 /* Build configuration list for PBXNativeTarget "Music PlayerUITests" */;
			buildPhases = (
				E892CFC1264C25790079D063 /* Sources */,
				E892CFC2264C25790079D063 /* Frameworks */,
				E892CFC3264C25790079D063 /* Resources */,
			);
			buildRules = (
			);
			dependencies = (
				E892CFC7264C25790079D063 /* PBXTargetDependency */,
			);
			name = "Music PlayerUITests";
			productName = "Music PlayerUITests";
			productReference = E892CFC5264C25790079D063 /* Music PlayerUITests.xctest */;
			productType = "com.apple.product-type.bundle.ui-testing";
		};
/* End PBXNativeTarget section */

/* Begin PBXProject section */
		E892CF9C264C25780079D063 /* Project object */ = {
			isa = PBXProject;
			attributes = {
				LastSwiftUpdateCheck = 1250;
				LastUpgradeCheck = 1250;
				TargetAttributes = {
					E892CFA3264C25780079D063 = {
						CreatedOnToolsVersion = 12.5;
					};
					E892CFB9264C25790079D063 = {
						CreatedOnToolsVersion = 12.5;
						TestTargetID = E892CFA3264C25780079D063;
					};
					E892CFC4264C25790079D063 = {
						CreatedOnToolsVersion = 12.5;
						TestTargetID = E892CFA3264C25780079D063;
					};
				};
			};
			buildConfigurationList = E892CF9F264C25780079D063 /* Build configuration list for PBXProject "Music Player" */;
			compatibilityVersion = "Xcode 9.3";
			developmentRegion = en;
			hasScannedForEncodings = 0;
			knownRegions = (
				en,
				Base,
			);
			mainGroup = E892CF9B264C25780079D063;
			productRefGroup = E892CFA5264C25780079D063 /* Products */;
			projectDirPath = "";
			projectRoot = "";
			targets = (
				E892CFA3264C25780079D063 /* Music Player */,
				E892CFB9264C25790079D063 /* Music PlayerTests */,
				E892CFC4264C25790079D063 /* Music PlayerUITests */,
			);
		};
/* End PBXProject section */

/* Begin PBXResourcesBuildPhase section */
		E892CFA2264C25780079D063 /* Resources */ = {
			isa = PBXResourcesBuildPhase;
			buildActionMask = 2147483647;
			files = (
				E892CFB4264C25790079D063 /* LaunchScreen.storyboard in Resources */,
				E892CFB1264C25790079D063 /* Assets.xcassets in Resources */,
				E892CFAF264C25780079D063 /* Main.storyboard in Resources */,
			);
			runOnlyForDeploymentPostprocessing = 0;
		};
		E892CFB8264C25790079D063 /* Resources */ = {
			isa = PBXResourcesBuildPhase;
			buildActionMask = 2147483647;
			files = (
			);
			runOnlyForDeploymentPostprocessing = 0;
		};
		E892CFC3264C25790079D063 /* Resources */ = {
			isa = PBXResourcesBuildPhase;
			buildActionMask = 2147483647;
			files = (
			);
			runOnlyForDeploymentPostprocessing = 0;
		};
/* End PBXResourcesBuildPhase section */

/* Begin PBXSourcesBuildPhase section */
		E892CFA0264C25780079D063 /* Sources */ = {
			isa = PBXSourcesBuildPhase;
			buildActionMask = 2147483647;
			files = (
				E892CFD8264C26100079D063 /* GenreButtonScreenViewController.swift in Sources */,
				E892CFA8264C25780079D063 /* AppDelegate.swift in Sources */,
				E892CFAA264C25780079D063 /* SceneDelegate.swift in Sources */,
			);
			runOnlyForDeploymentPostprocessing = 0;
		};
		E892CFB6264C25790079D063 /* Sources */ = {
			isa = PBXSourcesBuildPhase;
			buildActionMask = 2147483647;
			files = (
				E892CFBF264C25790079D063 /* Music_PlayerTests.swift in Sources */,
			);
			runOnlyForDeploymentPostprocessing = 0;
		};
		E892CFC1264C25790079D063 /* Sources */ = {
			isa = PBXSourcesBuildPhase;
			buildActionMask = 2147483647;
			files = (
				E892CFCA264C25790079D063 /* Music_PlayerUITests.swift in Sources */,
			);
			runOnlyForDeploymentPostprocessing = 0;
		};
/* End PBXSourcesBuildPhase section */

/* Begin PBXTargetDependency section */
		E892CFBC264C25790079D063 /* PBXTargetDependency */ = {
			isa = PBXTargetDependency;
			target = E892CFA3264C25780079D063 /* Music Player */;
			targetProxy = E892CFBB264C25790079D063 /* PBXContainerItemProxy */;
		};
		E892CFC7264C25790079D063 /* PBXTargetDependency */ = {
			isa = PBXTargetDependency;
			target = E892CFA3264C25780079D063 /* Music Player */;
			targetProxy = E892CFC6264C25790079D063 /* PBXContainerItemProxy */;
		};
/* End PBXTargetDependency section */

/* Begin PBXVariantGroup section */
		E892CFAD264C25780079D063 /* Main.storyboard */ = {
			isa = PBXVariantGroup;
			children = (
				E892CFAE264C25780079D063 /* Base */,
			);
			name = Main.storyboard;
			sourceTree = "<group>";
		};
		E892CFB2264C25790079D063 /* LaunchScreen.storyboard */ = {
			isa = PBXVariantGroup;
			children = (
				E892CFB3264C25790079D063 /* Base */,
			);
			name = LaunchScreen.storyboard;
			sourceTree = "<group>";
		};
/* End PBXVariantGroup section */

/* Begin XCBuildConfiguration section */
		E892CFCC264C25790079D063 /* Debug */ = {
			isa = XCBuildConfiguration;
			buildSettings = {
				ALWAYS_SEARCH_USER_PATHS = NO;
				CLANG_ANALYZER_NONNULL = YES;
				CLANG_ANALYZER_NUMBER_OBJECT_CONVERSION = YES_AGGRESSIVE;
				CLANG_CXX_LANGUAGE_STANDARD = "gnu++14";
				CLANG_CXX_LIBRARY = "libc++";
				CLANG_ENABLE_MODULES = YES;
				CLANG_ENABLE_OBJC_ARC = YES;
				CLANG_ENABLE_OBJC_WEAK = YES;
				CLANG_WARN_BLOCK_CAPTURE_AUTORELEASING = YES;
				CLANG_WARN_BOOL_CONVERSION = YES;
				CLANG_WARN_COMMA = YES;
				CLANG_WARN_CONSTANT_CONVERSION = YES;
				CLANG_WARN_DEPRECATED_OBJC_IMPLEMENTATIONS = YES;
				CLANG_WARN_DIRECT_OBJC_ISA_USAGE = YES_ERROR;
				CLANG_WARN_DOCUMENTATION_COMMENTS = YES;
				CLANG_WARN_EMPTY_BODY = YES;
				CLANG_WARN_ENUM_CONVERSION = YES;
				CLANG_WARN_INFINITE_RECURSION = YES;
				CLANG_WARN_INT_CONVERSION = YES;
				CLANG_WARN_NON_LITERAL_NULL_CONVERSION = YES;
				CLANG_WARN_OBJC_IMPLICIT_RETAIN_SELF = YES;
				CLANG_WARN_OBJC_LITERAL_CONVERSION = YES;
				CLANG_WARN_OBJC_ROOT_CLASS = YES_ERROR;
				CLANG_WARN_QUOTED_INCLUDE_IN_FRAMEWORK_HEADER = YES;
				CLANG_WARN_RANGE_LOOP_ANALYSIS = YES;
				CLANG_WARN_STRICT_PROTOTYPES = YES;
				CLANG_WARN_SUSPICIOUS_MOVE = YES;
				CLANG_WARN_UNGUARDED_AVAILABILITY = YES_AGGRESSIVE;
				CLANG_WARN_UNREACHABLE_CODE = YES;
				CLANG_WARN__DUPLICATE_METHOD_MATCH = YES;
				COPY_PHASE_STRIP = NO;
				DEBUG_INFORMATION_FORMAT = dwarf;
				ENABLE_STRICT_OBJC_MSGSEND = YES;
				ENABLE_TESTABILITY = YES;
				GCC_C_LANGUAGE_STANDARD = gnu11;
				GCC_DYNAMIC_NO_PIC = NO;
				GCC_NO_COMMON_BLOCKS = YES;
				GCC_OPTIMIZATION_LEVEL = 0;
				GCC_PREPROCESSOR_DEFINITIONS = (
					"DEBUG=1",
					"$(inherited)",
				);
				GCC_WARN_64_TO_32_BIT_CONVERSION = YES;
				GCC_WARN_ABOUT_RETURN_TYPE = YES_ERROR;
				GCC_WARN_UNDECLARED_SELECTOR = YES;
				GCC_WARN_UNINITIALIZED_AUTOS = YES_AGGRESSIVE;
				GCC_WARN_UNUSED_FUNCTION = YES;
				GCC_WARN_UNUSED_VARIABLE = YES;
				IPHONEOS_DEPLOYMENT_TARGET = 14.5;
				MTL_ENABLE_DEBUG_INFO = INCLUDE_SOURCE;
				MTL_FAST_MATH = YES;
				ONLY_ACTIVE_ARCH = YES;
				SDKROOT = iphoneos;
				SWIFT_ACTIVE_COMPILATION_CONDITIONS = DEBUG;
				SWIFT_OPTIMIZATION_LEVEL = "-Onone";
			};
			name = Debug;
		};
		E892CFCD264C25790079D063 /* Release */ = {
			isa = XCBuildConfiguration;
			buildSettings = {
				ALWAYS_SEARCH_USER_PATHS = NO;
				CLANG_ANALYZER_NONNULL = YES;
				CLANG_ANALYZER_NUMBER_OBJECT_CONVERSION = YES_AGGRESSIVE;
				CLANG_CXX_LANGUAGE_STANDARD = "gnu++14";
				CLANG_CXX_LIBRARY = "libc++";
				CLANG_ENABLE_MODULES = YES;
				CLANG_ENABLE_OBJC_ARC = YES;
				CLANG_ENABLE_OBJC_WEAK = YES;
				CLANG_WARN_BLOCK_CAPTURE_AUTORELEASING = YES;
				CLANG_WARN_BOOL_CONVERSION = YES;
				CLANG_WARN_COMMA = YES;
				CLANG_WARN_CONSTANT_CONVERSION = YES;
				CLANG_WARN_DEPRECATED_OBJC_IMPLEMENTATIONS = YES;
				CLANG_WARN_DIRECT_OBJC_ISA_USAGE = YES_ERROR;
				CLANG_WARN_DOCUMENTATION_COMMENTS = YES;
				CLANG_WARN_EMPTY_BODY = YES;
				CLANG_WARN_ENUM_CONVERSION = YES;
				CLANG_WARN_INFINITE_RECURSION = YES;
				CLANG_WARN_INT_CONVERSION = YES;
				CLANG_WARN_NON_LITERAL_NULL_CONVERSION = YES;
				CLANG_WARN_OBJC_IMPLICIT_RETAIN_SELF = YES;
				CLANG_WARN_OBJC_LITERAL_CONVERSION = YES;
				CLANG_WARN_OBJC_ROOT_CLASS = YES_ERROR;
				CLANG_WARN_QUOTED_INCLUDE_IN_FRAMEWORK_HEADER = YES;
				CLANG_WARN_RANGE_LOOP_ANALYSIS = YES;
				CLANG_WARN_STRICT_PROTOTYPES = YES;
				CLANG_WARN_SUSPICIOUS_MOVE = YES;
				CLANG_WARN_UNGUARDED_AVAILABILITY = YES_AGGRESSIVE;
				CLANG_WARN_UNREACHABLE_CODE = YES;
				CLANG_WARN__DUPLICATE_METHOD_MATCH = YES;
				COPY_PHASE_STRIP = NO;
				DEBUG_INFORMATION_FORMAT = "dwarf-with-dsym";
				ENABLE_NS_ASSERTIONS = NO;
				ENABLE_STRICT_OBJC_MSGSEND = YES;
				GCC_C_LANGUAGE_STANDARD = gnu11;
				GCC_NO_COMMON_BLOCKS = YES;
				GCC_WARN_64_TO_32_BIT_CONVERSION = YES;
				GCC_WARN_ABOUT_RETURN_TYPE = YES_ERROR;
				GCC_WARN_UNDECLARED_SELECTOR = YES;
				GCC_WARN_UNINITIALIZED_AUTOS = YES_AGGRESSIVE;
				GCC_WARN_UNUSED_FUNCTION = YES;
				GCC_WARN_UNUSED_VARIABLE = YES;
				IPHONEOS_DEPLOYMENT_TARGET = 14.5;
				MTL_ENABLE_DEBUG_INFO = NO;
				MTL_FAST_MATH = YES;
				SDKROOT = iphoneos;
				SWIFT_COMPILATION_MODE = wholemodule;
				SWIFT_OPTIMIZATION_LEVEL = "-O";
				VALIDATE_PRODUCT = YES;
			};
			name = Release;
		};
		E892CFCF264C25790079D063 /* Debug */ = {
			isa = XCBuildConfiguration;
			buildSettings = {
				ASSETCATALOG_COMPILER_APPICON_NAME = AppIcon;
				ASSETCATALOG_COMPILER_GLOBAL_ACCENT_COLOR_NAME = AccentColor;
				CODE_SIGN_STYLE = Automatic;
				DEVELOPMENT_TEAM = 3X5RU2ZH8W;
				INFOPLIST_FILE = "Music Player/Info.plist";
				LD_RUNPATH_SEARCH_PATHS = (
					"$(inherited)",
					"@executable_path/Frameworks",
				);
				PRODUCT_BUNDLE_IDENTIFIER = "com.richard.Music-Player";
				PRODUCT_NAME = "$(TARGET_NAME)";
				SWIFT_VERSION = 5.0;
				TARGETED_DEVICE_FAMILY = "1,2";
			};
			name = Debug;
		};
		E892CFD0264C25790079D063 /* Release */ = {
			isa = XCBuildConfiguration;
			buildSettings = {
				ASSETCATALOG_COMPILER_APPICON_NAME = AppIcon;
				ASSETCATALOG_COMPILER_GLOBAL_ACCENT_COLOR_NAME = AccentColor;
				CODE_SIGN_STYLE = Automatic;
				DEVELOPMENT_TEAM = 3X5RU2ZH8W;
				INFOPLIST_FILE = "Music Player/Info.plist";
				LD_RUNPATH_SEARCH_PATHS = (
					"$(inherited)",
					"@executable_path/Frameworks",
				);
				PRODUCT_BUNDLE_IDENTIFIER = "com.richard.Music-Player";
				PRODUCT_NAME = "$(TARGET_NAME)";
				SWIFT_VERSION = 5.0;
				TARGETED_DEVICE_FAMILY = "1,2";
			};
			name = Release;
		};
		E892CFD2264C25790079D063 /* Debug */ = {
			isa = XCBuildConfiguration;
			buildSettings = {
				ALWAYS_EMBED_SWIFT_STANDARD_LIBRARIES = YES;
				BUNDLE_LOADER = "$(TEST_HOST)";
				CODE_SIGN_STYLE = Automatic;
				DEVELOPMENT_TEAM = 3X5RU2ZH8W;
				INFOPLIST_FILE = "Music PlayerTests/Info.plist";
				IPHONEOS_DEPLOYMENT_TARGET = 14.5;
				LD_RUNPATH_SEARCH_PATHS = (
					"$(inherited)",
					"@executable_path/Frameworks",
					"@loader_path/Frameworks",
				);
				PRODUCT_BUNDLE_IDENTIFIER = "com.richard.Music-PlayerTests";
				PRODUCT_NAME = "$(TARGET_NAME)";
				SWIFT_VERSION = 5.0;
				TARGETED_DEVICE_FAMILY = "1,2";
				TEST_HOST = "$(BUILT_PRODUCTS_DIR)/Music Player.app/Music Player";
			};
			name = Debug;
		};
		E892CFD3264C25790079D063 /* Release */ = {
			isa = XCBuildConfiguration;
			buildSettings = {
				ALWAYS_EMBED_SWIFT_STANDARD_LIBRARIES = YES;
				BUNDLE_LOADER = "$(TEST_HOST)";
				CODE_SIGN_STYLE = Automatic;
				DEVELOPMENT_TEAM = 3X5RU2ZH8W;
				INFOPLIST_FILE = "Music PlayerTests/Info.plist";
				IPHONEOS_DEPLOYMENT_TARGET = 14.5;
				LD_RUNPATH_SEARCH_PATHS = (
					"$(inherited)",
					"@executable_path/Frameworks",
					"@loader_path/Frameworks",
				);
				PRODUCT_BUNDLE_IDENTIFIER = "com.richard.Music-PlayerTests";
				PRODUCT_NAME = "$(TARGET_NAME)";
				SWIFT_VERSION = 5.0;
				TARGETED_DEVICE_FAMILY = "1,2";
				TEST_HOST = "$(BUILT_PRODUCTS_DIR)/Music Player.app/Music Player";
			};
			name = Release;
		};
		E892CFD5264C25790079D063 /* Debug */ = {
			isa = XCBuildConfiguration;
			buildSettings = {
				ALWAYS_EMBED_SWIFT_STANDARD_LIBRARIES = YES;
				CODE_SIGN_STYLE = Automatic;
				DEVELOPMENT_TEAM = 3X5RU2ZH8W;
				INFOPLIST_FILE = "Music PlayerUITests/Info.plist";
				LD_RUNPATH_SEARCH_PATHS = (
					"$(inherited)",
					"@executable_path/Frameworks",
					"@loader_path/Frameworks",
				);
				PRODUCT_BUNDLE_IDENTIFIER = "com.richard.Music-PlayerUITests";
				PRODUCT_NAME = "$(TARGET_NAME)";
				SWIFT_VERSION = 5.0;
				TARGETED_DEVICE_FAMILY = "1,2";
				TEST_TARGET_NAME = "Music Player";
			};
			name = Debug;
		};
		E892CFD6264C25790079D063 /* Release */ = {
			isa = XCBuildConfiguration;
			buildSettings = {
				ALWAYS_EMBED_SWIFT_STANDARD_LIBRARIES = YES;
				CODE_SIGN_STYLE = Automatic;
				DEVELOPMENT_TEAM = 3X5RU2ZH8W;
				INFOPLIST_FILE = "Music PlayerUITests/Info.plist";
				LD_RUNPATH_SEARCH_PATHS = (
					"$(inherited)",
					"@executable_path/Frameworks",
					"@loader_path/Frameworks",
				);
				PRODUCT_BUNDLE_IDENTIFIER = "com.richard.Music-PlayerUITests";
				PRODUCT_NAME = "$(TARGET_NAME)";
				SWIFT_VERSION = 5.0;
				TARGETED_DEVICE_FAMILY = "1,2";
				TEST_TARGET_NAME = "Music Player";
			};
			name = Release;
		};
/* End XCBuildConfiguration section */

/* Begin XCConfigurationList section */
		E892CF9F264C25780079D063 /* Build configuration list for PBXProject "Music Player" */ = {
			isa = XCConfigurationList;
			buildConfigurations = (
				E892CFCC264C25790079D063 /* Debug */,
				E892CFCD264C25790079D063 /* Release */,
			);
			defaultConfigurationIsVisible = 0;
			defaultConfigurationName = Release;
		};
		E892CFCE264C25790079D063 /* Build configuration list for PBXNativeTarget "Music Player" */ = {
			isa = XCConfigurationList;
			buildConfigurations = (
				E892CFCF264C25790079D063 /* Debug */,
				E892CFD0264C25790079D063 /* Release */,
			);
			defaultConfigurationIsVisible = 0;
			defaultConfigurationName = Release;
		};
		E892CFD1264C25790079D063 /* Build configuration list for PBXNativeTarget "Music PlayerTests" */ = {
			isa = XCConfigurationList;
			buildConfigurations = (
				E892CFD2264C25790079D063 /* Debug */,
				E892CFD3264C25790079D063 /* Release */,
			);
			defaultConfigurationIsVisible = 0;
			defaultConfigurationName = Release;
		};
		E892CFD4264C25790079D063 /* Build configuration list for PBXNativeTarget "Music PlayerUITests" */ = {
			isa = XCConfigurationList;
			buildConfigurations = (
				E892CFD5264C25790079D063 /* Debug */,
				E892CFD6264C25790079D063 /* Release */,
			);
			defaultConfigurationIsVisible = 0;
			defaultConfigurationName = Release;
		};
/* End XCConfigurationList section */
	};
	rootObject = E892CF9C264C25780079D063 /* Project object */;
}
